
Microsoft Visual Studio Solution File, Format Version 12.00
# Visual Studio Version 16
VisualStudioVersion = 16.0.31105.61
MinimumVisualStudioVersion = 10.0.40219.1
Project("{FAE04EC0-301F-11D3-BF4B-00C04F79EFBC}") = "ImgCompresser", "ImgCompresser\ImgCompresser.csproj", "{728398D7-EAFE-47CA-86C1-1D2BC926B783}"
EndProject
Global
	GlobalSection(SolutionConfigurationPlatforms) = preSolution
		Debug|Any CPU = Debug|Any CPU
		Release|Any CPU = Release|Any CPU
	EndGlobalSection
	GlobalSection(ProjectConfigurationPlatforms) = postSolution
		{728398D7-EAFE-47CA-86C1-1D2BC926B783}.Debug|Any CPU.ActiveCfg = Debug|Any CPU
		{728398D7-EAFE-47CA-86C1-1D2BC926B783}.Debug|Any CPU.Build.0 = Debug|Any CPU
		{728398D7-EAFE-47CA-86C1-1D2BC926B783}.Release|Any CPU.ActiveCfg = Release|Any CPU
		{728398D7-EAFE-47CA-86C1-1D2BC926B783}.Release|Any CPU.Build.0 = Release|Any CPU
	EndGlobalSection
	GlobalSection(SolutionProperties) = preSolution
		HideSolutionNode = FALSE
	EndGlobalSection
	GlobalSection(ExtensibilityGlobals) = postSolution
		SolutionGuid = {324FEF29-E37D-4F0D-A2A1-461ED28B4090}
	EndGlobalSection
EndGlobal
